
Microsoft Visual Studio Solution File, Format Version 12.00
# Visual Studio Version 16
VisualStudioVersion = 16.0.34931.43
MinimumVisualStudioVersion = 10.0.40219.1
Project("{FAE04EC0-301F-11D3-BF4B-00C04F79EFBC}") = "Gorcery_Management_System", "Gorcery_Management_System.csproj", "{D83DA6E9-CB30-4579-B320-1B3AC2D01A83}"
EndProject
Global
	GlobalSection(SolutionConfigurationPlatforms) = preSolution
		Debug|Any CPU = Debug|Any CPU
		Release|Any CPU = Release|Any CPU
	EndGlobalSection
	GlobalSection(ProjectConfigurationPlatforms) = postSolution
		{D83DA6E9-CB30-4579-B320-1B3AC2D01A83}.Debug|Any CPU.ActiveCfg = Debug|Any CPU
		{D83DA6E9-CB30-4579-B320-1B3AC2D01A83}.Debug|Any CPU.Build.0 = Debug|Any CPU
		{D83DA6E9-CB30-4579-B320-1B3AC2D01A83}.Release|Any CPU.ActiveCfg = Release|Any CPU
		{D83DA6E9-CB30-4579-B320-1B3AC2D01A83}.Release|Any CPU.Build.0 = Release|Any CPU
	EndGlobalSection
	GlobalSection(SolutionProperties) = preSolution
		HideSolutionNode = FALSE
	EndGlobalSection
	GlobalSection(ExtensibilityGlobals) = postSolution
		SolutionGuid = {1C5D6F1F-A1B8-48E2-BB07-B3D4EAAC351F}
	EndGlobalSection
EndGlobal
